
Microsoft Visual Studio Solution File, Format Version 12.00
# Visual Studio Version 16
VisualStudioVersion = 16.0.30509.190
MinimumVisualStudioVersion = 10.0.40219.1
Project("{9A19103F-16F7-4668-BE54-9A1E7A4F7556}") = "JsonSchemaToSource", "JsonSchemaToSource\JsonSchemaToSource.csproj", "{3C8D9380-8643-46A4-8A41-1234B04781AA}"
EndProject
Project("{FAE04EC0-301F-11D3-BF4B-00C04F79EFBC}") = "TestSourceGenerator", "TestSourceGenerator\TestSourceGenerator.csproj", "{2AB991EB-C8A4-4758-B2E7-32429A88449F}"
EndProject
Global
	GlobalSection(SolutionConfigurationPlatforms) = preSolution
		Debug|Any CPU = Debug|Any CPU
		Release|Any CPU = Release|Any CPU
	EndGlobalSection
	GlobalSection(ProjectConfigurationPlatforms) = postSolution
		{3C8D9380-8643-46A4-8A41-1234B04781AA}.Debug|Any CPU.ActiveCfg = Debug|Any CPU
		{3C8D9380-8643-46A4-8A41-1234B04781AA}.Debug|Any CPU.Build.0 = Debug|Any CPU
		{3C8D9380-8643-46A4-8A41-1234B04781AA}.Release|Any CPU.ActiveCfg = Release|Any CPU
		{3C8D9380-8643-46A4-8A41-1234B04781AA}.Release|Any CPU.Build.0 = Release|Any CPU
		{2AB991EB-C8A4-4758-B2E7-32429A88449F}.Debug|Any CPU.ActiveCfg = Debug|Any CPU
		{2AB991EB-C8A4-4758-B2E7-32429A88449F}.Debug|Any CPU.Build.0 = Debug|Any CPU
		{2AB991EB-C8A4-4758-B2E7-32429A88449F}.Release|Any CPU.ActiveCfg = Release|Any CPU
		{2AB991EB-C8A4-4758-B2E7-32429A88449F}.Release|Any CPU.Build.0 = Release|Any CPU
	EndGlobalSection
	GlobalSection(SolutionProperties) = preSolution
		HideSolutionNode = FALSE
	EndGlobalSection
	GlobalSection(ExtensibilityGlobals) = postSolution
		SolutionGuid = {D26583A2-897D-4A11-922D-2A8559A350A5}
	EndGlobalSection
EndGlobal
